
Microsoft Visual Studio Solution File, Format Version 12.00
# Visual Studio Version 16
VisualStudioVersion = 16.0.33423.256
MinimumVisualStudioVersion = 10.0.40219.1
Project("{FAE04EC0-301F-11D3-BF4B-00C04F79EFBC}") = "WebApplication1", "WebApplication1\WebApplication1.csproj", "{F99221B2-E8DD-44A7-BC4C-8F4FF8F89C2D}"
EndProject
Project("{FAE04EC0-301F-11D3-BF4B-00C04F79EFBC}") = "WebApplication1.Tests", "WebApplication1.Tests\WebApplication1.Tests.csproj", "{93AF77F0-D696-4957-B418-7D390D770D88}"
EndProject
Global
	GlobalSection(SolutionConfigurationPlatforms) = preSolution
		Debug|Any CPU = Debug|Any CPU
		Release|Any CPU = Release|Any CPU
	EndGlobalSection
	GlobalSection(ProjectConfigurationPlatforms) = postSolution
		{F99221B2-E8DD-44A7-BC4C-8F4FF8F89C2D}.Debug|Any CPU.ActiveCfg = Debug|Any CPU
		{F99221B2-E8DD-44A7-BC4C-8F4FF8F89C2D}.Debug|Any CPU.Build.0 = Debug|Any CPU
		{F99221B2-E8DD-44A7-BC4C-8F4FF8F89C2D}.Release|Any CPU.ActiveCfg = Release|Any CPU
		{F99221B2-E8DD-44A7-BC4C-8F4FF8F89C2D}.Release|Any CPU.Build.0 = Release|Any CPU
		{93AF77F0-D696-4957-B418-7D390D770D88}.Debug|Any CPU.ActiveCfg = Debug|Any CPU
		{93AF77F0-D696-4957-B418-7D390D770D88}.Debug|Any CPU.Build.0 = Debug|Any CPU
		{93AF77F0-D696-4957-B418-7D390D770D88}.Release|Any CPU.ActiveCfg = Release|Any CPU
		{93AF77F0-D696-4957-B418-7D390D770D88}.Release|Any CPU.Build.0 = Release|Any CPU
	EndGlobalSection
	GlobalSection(SolutionProperties) = preSolution
		HideSolutionNode = FALSE
	EndGlobalSection
	GlobalSection(ExtensibilityGlobals) = postSolution
		SolutionGuid = {512065DD-8940-41FD-BFC2-E3BCB45FC12A}
	EndGlobalSection
EndGlobal
